
Microsoft Visual Studio Solution File, Format Version 12.00
# Visual Studio 15
VisualStudioVersion = 15.0.28010.2050
MinimumVisualStudioVersion = 10.0.40219.1
Project("{FAE04EC0-301F-11D3-BF4B-00C04F79EFBC}") = "WordGuessingGame", "WordGuessingGame\WordGuessingGame.csproj", "{446104B5-5C38-4C81-AE52-6BBD69460E36}"
EndProject
Global
	GlobalSection(SolutionConfigurationPlatforms) = preSolution
		Debug|Any CPU = Debug|Any CPU
		Release|Any CPU = Release|Any CPU
	EndGlobalSection
	GlobalSection(ProjectConfigurationPlatforms) = postSolution
		{446104B5-5C38-4C81-AE52-6BBD69460E36}.Debug|Any CPU.ActiveCfg = Debug|Any CPU
		{446104B5-5C38-4C81-AE52-6BBD69460E36}.Debug|Any CPU.Build.0 = Debug|Any CPU
		{446104B5-5C38-4C81-AE52-6BBD69460E36}.Release|Any CPU.ActiveCfg = Release|Any CPU
		{446104B5-5C38-4C81-AE52-6BBD69460E36}.Release|Any CPU.Build.0 = Release|Any CPU
	EndGlobalSection
	GlobalSection(SolutionProperties) = preSolution
		HideSolutionNode = FALSE
	EndGlobalSection
	GlobalSection(ExtensibilityGlobals) = postSolution
		SolutionGuid = {B8D92D67-749F-477E-A86D-4251BDDE7CBC}
	EndGlobalSection
EndGlobal
